{
  "nodes": {
    "home-manager": {
      "inputs": {
        "nixpkgs": [
          "nixpkgs"
        ]
      },
      "locked": {
        "lastModified": 1791642191,
        "narHash": "sha256-0bK0A59rVUn1SRZzo4cNi4VSqAe7vR1gL2/MZl53Frw=",
        "owner": "nix-community",
        "repo": "home-manager",
        "rev": "c58f54c733a7894d84fa2fdff26cc12088c4b78c",
        "type": "github"
      },
      "original": {
        "owner": "nix-community",
        "repo": "home-manager",
        "type": "github"
      }
    },
    "nixpkgs": {
      "locked": {
        "lastModified": 1791426274,
        "narHash": "sha256-MWhktfFtFE8Jl7bf9Pkp7TR5MSdYCjCswSo0Gkb4ywc=",
        "owner": "NixOS",
        "repo": "nixpkgs",
        "rev": "7c8764b7c7b09b34f632464276218ef9090eaa11",
        "type": "github"
      },
      "original": {
        "owner": "NixOS",
        "ref": "nixos-26.05",
        "repo": "nixpkgs",
        "type": "github"
      }
    },
    "root": {
      "inputs": {
        "home-manager": "home-manager",
        "nixpkgs": "nixpkgs",
        "tg-ws-proxy-src": "tg-ws-proxy-src"
      }
    },
    "tg-ws-proxy-src": {
      "flake": false,
      "locked": {
        "lastModified": 1791653790,
        "narHash": "sha256-n3KTiZ8xlgPxaHnzftJBEoma3DsM+NF3oPadF3urz7U=",
        "owner": "Flowseal",
        "repo": "tg-ws-proxy",
        "rev": "9109570d329d3fa60cc8e7b80da91acdbebd429b",
        "type": "github"
      },
      "original": {
        "owner": "Flowseal",
        "repo": "tg-ws-proxy",
        "type": "github"
      }
    }
  },
  "root": "root",
  "version": 7
}
